
Microsoft Visual Studio Solution File, Format Version 12.00
# Visual Studio Version 17
VisualStudioVersion = 17.14.36518.9 d17.14
MinimumVisualStudioVersion = 10.0.40219.1
Project("{FAE04EC0-301F-11D3-BF4B-00C04F79EFBC}") = "sistema_de_transporte", "sistema_de_transporte\sistema_de_transporte.csproj", "{C0FF6E26-F4A1-409A-8648-3ECF56ED082B}"
EndProject
Global
	GlobalSection(SolutionConfigurationPlatforms) = preSolution
		Debug|Any CPU = Debug|Any CPU
		Release|Any CPU = Release|Any CPU
	EndGlobalSection
	GlobalSection(ProjectConfigurationPlatforms) = postSolution
		{C0FF6E26-F4A1-409A-8648-3ECF56ED082B}.Debug|Any CPU.ActiveCfg = Debug|Any CPU
		{C0FF6E26-F4A1-409A-8648-3ECF56ED082B}.Debug|Any CPU.Build.0 = Debug|Any CPU
		{C0FF6E26-F4A1-409A-8648-3ECF56ED082B}.Release|Any CPU.ActiveCfg = Release|Any CPU
		{C0FF6E26-F4A1-409A-8648-3ECF56ED082B}.Release|Any CPU.Build.0 = Release|Any CPU
	EndGlobalSection
	GlobalSection(SolutionProperties) = preSolution
		HideSolutionNode = FALSE
	EndGlobalSection
	GlobalSection(ExtensibilityGlobals) = postSolution
		SolutionGuid = {AF4B4EC4-E210-43A4-8881-DB5CA49D14F6}
	EndGlobalSection
EndGlobal
